// !$*UTF8*$!
{
	archiveVersion = 1;
	classes = {
	};
	objectVersion = 77;
	objects = {

/* Begin PBXBuildFile section */
		077886866D9A8E05D4BB7600 /* InvestmentsView.swift in Sources */ = {isa = PBXBuildFile; fileRef = D5F9895247D0E91EACDAB4F0 /* InvestmentsView.swift */; };
		08518DE87B20ACB6118F5523 /* ShareComposeView.swift in Sources */ = {isa = PBXBuildFile; fileRef = B3F9F33F1FD689F6223BF5A0 /* ShareComposeView.swift */; };
		13C8EB9492779EA87C304DC1 /* KiesCore in Frameworks */ = {isa = PBXBuildFile; productRef = 65BF779BF24FCE8A842FCB93 /* KiesCore */; };
		17E2FB83B1FA148965C2D5D8 /* LifeAreasView.swift in Sources */ = {isa = PBXBuildFile; fileRef = 67BDE07271DA65961F2A88CB /* LifeAreasView.swift */; };
		24620312A0728058A1235360 /* KiesCore in Frameworks */ = {isa = PBXBuildFile; productRef = D8690335D4F34894C7985659 /* KiesCore */; };
		2793BCA37DC0162FE03AE6D8 /* TodosView.swift in Sources */ = {isa = PBXBuildFile; fileRef = F85F5ED97A93ECD9BC83743D /* TodosView.swift */; };
		28B336A146960054E6B7890D /* CategoriesView.swift in Sources */ = {isa = PBXBuildFile; fileRef = 6C557578D4B70FD785495CC8 /* CategoriesView.swift */; };
		326F90F46B74CA76DD560D57 /* PairingView.swift in Sources */ = {isa = PBXBuildFile; fileRef = 4BB383E45F1D2E267830E6E5 /* PairingView.swift */; };
		3933665AC3590B87E3C2996C /* QuickCaptureView.swift in Sources */ = {isa = PBXBuildFile; fileRef = 7952ED77D3051D1D14790CAC /* QuickCaptureView.swift */; };
		3F2D9B7765919186B16F017F /* AppLockStore.swift in Sources */ = {isa = PBXBuildFile; fileRef = F20238613856AE2E2CC9E241 /* AppLockStore.swift */; };
		58DE16346DAA502208A0B365 /* KiesTodayWidget.swift in Sources */ = {isa = PBXBuildFile; fileRef = B946282432CB65515E5B9F4D /* KiesTodayWidget.swift */; };
		73EEE66A7C60EAC7ABB62CDD /* SyncStatusBar.swift in Sources */ = {isa = PBXBuildFile; fileRef = 688EF710F5CAC80ACBAD0D85 /* SyncStatusBar.swift */; };
		761FB9FD89FC2A446959E6B7 /* Box.swift in Sources */ = {isa = PBXBuildFile; fileRef = B8BFEBBA631B1F700D31671F /* Box.swift */; };
		77A8121258C229BD13A889F2 /* AppLockView.swift in Sources */ = {isa = PBXBuildFile; fileRef = 75C2FAFA9FA014943AD1D181 /* AppLockView.swift */; };
		990146C5809F4FA34F5EA3BC /* GoalsView.swift in Sources */ = {isa = PBXBuildFile; fileRef = 1C96DEEF5122EF2D08A40156 /* GoalsView.swift */; };
		A400936DEEE7E1471D4D07E4 /* KiesiOSApp.swift in Sources */ = {isa = PBXBuildFile; fileRef = 003E9FBFBFF00CB59ED2679D /* KiesiOSApp.swift */; };
		A4D6A8FA6AFC2866084C862E /* KiesCore in Frameworks */ = {isa = PBXBuildFile; productRef = 34A4B10B21EFD0D7AC250E33 /* KiesCore */; };
		A55304628638B35FB4B53DA0 /* KiesWidget.appex in Embed Foundation Extensions */ = {isa = PBXBuildFile; fileRef = 3329E7178B1F2338F8D33732 /* KiesWidget.appex */; settings = {ATTRIBUTES = (RemoveHeadersOnCopy, ); }; };
		A7639249067C0E142E4E2199 /* ShareViewController.swift in Sources */ = {isa = PBXBuildFile; fileRef = F34C70844AA4048F50145115 /* ShareViewController.swift */; };
		ABCA0E018FDA3A5D956058D4 /* TabRouter.swift in Sources */ = {isa = PBXBuildFile; fileRef = 72EB950D2FFE4CA505B7AFCF /* TabRouter.swift */; };
		B1273FC86E1A640FB018622C /* KiesWidgetBundle.swift in Sources */ = {isa = PBXBuildFile; fileRef = 85AEA2E4BEAAA721535994E7 /* KiesWidgetBundle.swift */; };
		B306D0975AB3E6DF5DB551CC /* WishlistView.swift in Sources */ = {isa = PBXBuildFile; fileRef = D085F7AB71F06EA7FFDA2B4A /* WishlistView.swift */; };
		BA11003F352EDA97A72E56AB /* AccountsView.swift in Sources */ = {isa = PBXBuildFile; fileRef = B2D5CE16E4B51C7516057F1E /* AccountsView.swift */; };
		CBD004D4CA23464799D0FEDF /* TransactionsView.swift in Sources */ = {isa = PBXBuildFile; fileRef = ADF728876ACF7EE6CE1390A3 /* TransactionsView.swift */; };
		D43A5A9488E7F7D21E19D705 /* SettingsView.swift in Sources */ = {isa = PBXBuildFile; fileRef = 008EF147F6F711851A57C502 /* SettingsView.swift */; };
		D5DA9586FA47BDBE13636A9E /* TodayView.swift in Sources */ = {isa = PBXBuildFile; fileRef = D573748D2D41F520FEAB9035 /* TodayView.swift */; };
		E0F43EA44B23B0CB186047C5 /* RootTabView.swift in Sources */ = {isa = PBXBuildFile; fileRef = 269859CF78204993C6524A99 /* RootTabView.swift */; };
		F5AD507D32FCC36D3AD9640D /* KiesShare.appex in Embed Foundation Extensions */ = {isa = PBXBuildFile; fileRef = B07429E1CD635C2287F7651F /* KiesShare.appex */; settings = {ATTRIBUTES = (RemoveHeadersOnCopy, ); }; };
		FAFF51A8EF6AACA402ADC33A /* SearchView.swift in Sources */ = {isa = PBXBuildFile; fileRef = C44C034838E984EFE80BB21E /* SearchView.swift */; };
/* End PBXBuildFile section */

/* Begin PBXContainerItemProxy section */
		68F2CC74765FB6CFC75F16D2 /* PBXContainerItemProxy */ = {
			isa = PBXContainerItemProxy;
			containerPortal = B44751475E627527A0997FC8 /* Project object */;
			proxyType = 1;
			remoteGlobalIDString = C71A5B613D2DAACFA35C9FBA;
			remoteInfo = KiesWidget;
		};
		EA320E3FAB394EC6ECAACF55 /* PBXContainerItemProxy */ = {
			isa = PBXContainerItemProxy;
			containerPortal = B44751475E627527A0997FC8 /* Project object */;
			proxyType = 1;
			remoteGlobalIDString = 0AB9BE412D9D65A370ADA72A;
			remoteInfo = KiesShare;
		};
/* End PBXContainerItemProxy section */

/* Begin PBXCopyFilesBuildPhase section */
		0EE0FBD41956C28CA7E11F5D /* Embed Foundation Extensions */ = {
			isa = PBXCopyFilesBuildPhase;
			buildActionMask = 2147483647;
			dstPath = "";
			dstSubfolderSpec = 13;
			files = (
				A55304628638B35FB4B53DA0 /* KiesWidget.appex in Embed Foundation Extensions */,
				F5AD507D32FCC36D3AD9640D /* KiesShare.appex in Embed Foundation Extensions */,
			);
			name = "Embed Foundation Extensions";
			runOnlyForDeploymentPostprocessing = 0;
		};
/* End PBXCopyFilesBuildPhase section */

/* Begin PBXFileReference section */
		003E9FBFBFF00CB59ED2679D /* KiesiOSApp.swift */ = {isa = PBXFileReference; lastKnownFileType = sourcecode.swift; path = KiesiOSApp.swift; sourceTree = "<group>"; };
		008EF147F6F711851A57C502 /* SettingsView.swift */ = {isa = PBXFileReference; lastKnownFileType = sourcecode.swift; path = SettingsView.swift; sourceTree = "<group>"; };
		139D81983F28F707A0312AC6 /* KiesiOS.app */ = {isa = PBXFileReference; includeInIndex = 0; lastKnownFileType = wrapper.application; path = KiesiOS.app; sourceTree = BUILT_PRODUCTS_DIR; };
		1C96DEEF5122EF2D08A40156 /* GoalsView.swift */ = {isa = PBXFileReference; lastKnownFileType = sourcecode.swift; path = GoalsView.swift; sourceTree = "<group>"; };
		269859CF78204993C6524A99 /* RootTabView.swift */ = {isa = PBXFileReference; lastKnownFileType = sourcecode.swift; path = RootTabView.swift; sourceTree = "<group>"; };
		3329E7178B1F2338F8D33732 /* KiesWidget.appex */ = {isa = PBXFileReference; includeInIndex = 0; lastKnownFileType = "wrapper.app-extension"; path = KiesWidget.appex; sourceTree = BUILT_PRODUCTS_DIR; };
		4BB383E45F1D2E267830E6E5 /* PairingView.swift */ = {isa = PBXFileReference; lastKnownFileType = sourcecode.swift; path = PairingView.swift; sourceTree = "<group>"; };
		5358C2F69A3B288B580B3AD8 /* KiesShare.entitlements */ = {isa = PBXFileReference; lastKnownFileType = text.plist.entitlements; path = KiesShare.entitlements; sourceTree = "<group>"; };
		67BDE07271DA65961F2A88CB /* LifeAreasView.swift */ = {isa = PBXFileReference; lastKnownFileType = sourcecode.swift; path = LifeAreasView.swift; sourceTree = "<group>"; };
		688EF710F5CAC80ACBAD0D85 /* SyncStatusBar.swift */ = {isa = PBXFileReference; lastKnownFileType = sourcecode.swift; path = SyncStatusBar.swift; sourceTree = "<group>"; };
		6B3E6AF14DFA864224B805F2 /* Info.plist */ = {isa = PBXFileReference; lastKnownFileType = text.plist; path = Info.plist; sourceTree = "<group>"; };
		6C557578D4B70FD785495CC8 /* CategoriesView.swift */ = {isa = PBXFileReference; lastKnownFileType = sourcecode.swift; path = CategoriesView.swift; sourceTree = "<group>"; };
		72EB950D2FFE4CA505B7AFCF /* TabRouter.swift */ = {isa = PBXFileReference; lastKnownFileType = sourcecode.swift; path = TabRouter.swift; sourceTree = "<group>"; };
		75C2FAFA9FA014943AD1D181 /* AppLockView.swift */ = {isa = PBXFileReference; lastKnownFileType = sourcecode.swift; path = AppLockView.swift; sourceTree = "<group>"; };
		7952ED77D3051D1D14790CAC /* QuickCaptureView.swift */ = {isa = PBXFileReference; lastKnownFileType = sourcecode.swift; path = QuickCaptureView.swift; sourceTree = "<group>"; };
		85AEA2E4BEAAA721535994E7 /* KiesWidgetBundle.swift */ = {isa = PBXFileReference; lastKnownFileType = sourcecode.swift; path = KiesWidgetBundle.swift; sourceTree = "<group>"; };
		88B5A0449D8D65E38F7C81F5 /* Info.plist */ = {isa = PBXFileReference; lastKnownFileType = text.plist; path = Info.plist; sourceTree = "<group>"; };
		ADF728876ACF7EE6CE1390A3 /* TransactionsView.swift */ = {isa = PBXFileReference; lastKnownFileType = sourcecode.swift; path = TransactionsView.swift; sourceTree = "<group>"; };
		B07429E1CD635C2287F7651F /* KiesShare.appex */ = {isa = PBXFileReference; includeInIndex = 0; lastKnownFileType = "wrapper.app-extension"; path = KiesShare.appex; sourceTree = BUILT_PRODUCTS_DIR; };
		B2D5CE16E4B51C7516057F1E /* AccountsView.swift */ = {isa = PBXFileReference; lastKnownFileType = sourcecode.swift; path = AccountsView.swift; sourceTree = "<group>"; };
		B3F9F33F1FD689F6223BF5A0 /* ShareComposeView.swift */ = {isa = PBXFileReference; lastKnownFileType = sourcecode.swift; path = ShareComposeView.swift; sourceTree = "<group>"; };
		B8BFEBBA631B1F700D31671F /* Box.swift */ = {isa = PBXFileReference; lastKnownFileType = sourcecode.swift; path = Box.swift; sourceTree = "<group>"; };
		B946282432CB65515E5B9F4D /* KiesTodayWidget.swift */ = {isa = PBXFileReference; lastKnownFileType = sourcecode.swift; path = KiesTodayWidget.swift; sourceTree = "<group>"; };
		C44C034838E984EFE80BB21E /* SearchView.swift */ = {isa = PBXFileReference; lastKnownFileType = sourcecode.swift; path = SearchView.swift; sourceTree = "<group>"; };
		CB7A1C1E633670BAFEAB10C3 /* Kies */ = {isa = PBXFileReference; lastKnownFileType = folder; name = Kies; path = .; sourceTree = SOURCE_ROOT; };
		D085F7AB71F06EA7FFDA2B4A /* WishlistView.swift */ = {isa = PBXFileReference; lastKnownFileType = sourcecode.swift; path = WishlistView.swift; sourceTree = "<group>"; };
		D573748D2D41F520FEAB9035 /* TodayView.swift */ = {isa = PBXFileReference; lastKnownFileType = sourcecode.swift; path = TodayView.swift; sourceTree = "<group>"; };
		D5F9895247D0E91EACDAB4F0 /* InvestmentsView.swift */ = {isa = PBXFileReference; lastKnownFileType = sourcecode.swift; path = InvestmentsView.swift; sourceTree = "<group>"; };
		D83EE951DD03CAD6FF1BEA47 /* KiesWidget.entitlements */ = {isa = PBXFileReference; lastKnownFileType = text.plist.entitlements; path = KiesWidget.entitlements; sourceTree = "<group>"; };
		E581F3707BA30C9B425A56BB /* KiesiOS.entitlements */ = {isa = PBXFileReference; lastKnownFileType = text.plist.entitlements; path = KiesiOS.entitlements; sourceTree = "<group>"; };
		EFDC5EE202B4C70D2EC672AB /* Info.plist */ = {isa = PBXFileReference; lastKnownFileType = text.plist; path = Info.plist; sourceTree = "<group>"; };
		F20238613856AE2E2CC9E241 /* AppLockStore.swift */ = {isa = PBXFileReference; lastKnownFileType = sourcecode.swift; path = AppLockStore.swift; sourceTree = "<group>"; };
		F34C70844AA4048F50145115 /* ShareViewController.swift */ = {isa = PBXFileReference; lastKnownFileType = sourcecode.swift; path = ShareViewController.swift; sourceTree = "<group>"; };
		F85F5ED97A93ECD9BC83743D /* TodosView.swift */ = {isa = PBXFileReference; lastKnownFileType = sourcecode.swift; path = TodosView.swift; sourceTree = "<group>"; };
/* End PBXFileReference section */

/* Begin PBXFrameworksBuildPhase section */
		23B1CCB9145FDC88EC2B7A6F /* Frameworks */ = {
			isa = PBXFrameworksBuildPhase;
			buildActionMask = 2147483647;
			files = (
				24620312A0728058A1235360 /* KiesCore in Frameworks */,
			);
			runOnlyForDeploymentPostprocessing = 0;
		};
		63161C8FBE1D43E9424FDAD4 /* Frameworks */ = {
			isa = PBXFrameworksBuildPhase;
			buildActionMask = 2147483647;
			files = (
				A4D6A8FA6AFC2866084C862E /* KiesCore in Frameworks */,
			);
			runOnlyForDeploymentPostprocessing = 0;
		};
		6F3BFF0A3EDBE254CD280AC0 /* Frameworks */ = {
			isa = PBXFrameworksBuildPhase;
			buildActionMask = 2147483647;
			files = (
				13C8EB9492779EA87C304DC1 /* KiesCore in Frameworks */,
			);
			runOnlyForDeploymentPostprocessing = 0;
		};
/* End PBXFrameworksBuildPhase section */

/* Begin PBXGroup section */
		0426986CA4D92D57457D8864 /* Sources */ = {
			isa = PBXGroup;
			children = (
				AFFD80D94B400C933BF7088C /* KiesiOS */,
				36DA0ECFA89BACF0B3BF2C25 /* KiesShare */,
				AFC3670357A52D117DF2290F /* KiesWidget */,
			);
			path = Sources;
			sourceTree = "<group>";
		};
		28B9B3791227EEDC0949C94B = {
			isa = PBXGroup;
			children = (
				E4CA34C66803EDE935CEB253 /* Packages */,
				0426986CA4D92D57457D8864 /* Sources */,
				CE7D7DB2296308041ABA31BF /* Products */,
			);
			sourceTree = "<group>";
		};
		30438CFC92D36BE4CBFCB041 /* AppLock */ = {
			isa = PBXGroup;
			children = (
				F20238613856AE2E2CC9E241 /* AppLockStore.swift */,
				75C2FAFA9FA014943AD1D181 /* AppLockView.swift */,
			);
			path = AppLock;
			sourceTree = "<group>";
		};
		36DA0ECFA89BACF0B3BF2C25 /* KiesShare */ = {
			isa = PBXGroup;
			children = (
				EFDC5EE202B4C70D2EC672AB /* Info.plist */,
				5358C2F69A3B288B580B3AD8 /* KiesShare.entitlements */,
				B3F9F33F1FD689F6223BF5A0 /* ShareComposeView.swift */,
				F34C70844AA4048F50145115 /* ShareViewController.swift */,
			);
			path = KiesShare;
			sourceTree = "<group>";
		};
		AFC3670357A52D117DF2290F /* KiesWidget */ = {
			isa = PBXGroup;
			children = (
				6B3E6AF14DFA864224B805F2 /* Info.plist */,
				B946282432CB65515E5B9F4D /* KiesTodayWidget.swift */,
				D83EE951DD03CAD6FF1BEA47 /* KiesWidget.entitlements */,
				85AEA2E4BEAAA721535994E7 /* KiesWidgetBundle.swift */,
			);
			path = KiesWidget;
			sourceTree = "<group>";
		};
		AFFD80D94B400C933BF7088C /* KiesiOS */ = {
			isa = PBXGroup;
			children = (
				88B5A0449D8D65E38F7C81F5 /* Info.plist */,
				E581F3707BA30C9B425A56BB /* KiesiOS.entitlements */,
				003E9FBFBFF00CB59ED2679D /* KiesiOSApp.swift */,
				72EB950D2FFE4CA505B7AFCF /* TabRouter.swift */,
				30438CFC92D36BE4CBFCB041 /* AppLock */,
				F1952CB3CC8AF9F3A6D83801 /* Views */,
			);
			path = KiesiOS;
			sourceTree = "<group>";
		};
		CE7D7DB2296308041ABA31BF /* Products */ = {
			isa = PBXGroup;
			children = (
				139D81983F28F707A0312AC6 /* KiesiOS.app */,
				B07429E1CD635C2287F7651F /* KiesShare.appex */,
				3329E7178B1F2338F8D33732 /* KiesWidget.appex */,
			);
			name = Products;
			sourceTree = "<group>";
		};
		E4CA34C66803EDE935CEB253 /* Packages */ = {
			isa = PBXGroup;
			children = (
				CB7A1C1E633670BAFEAB10C3 /* Kies */,
			);
			name = Packages;
			sourceTree = "<group>";
		};
		F1952CB3CC8AF9F3A6D83801 /* Views */ = {
			isa = PBXGroup;
			children = (
				B2D5CE16E4B51C7516057F1E /* AccountsView.swift */,
				B8BFEBBA631B1F700D31671F /* Box.swift */,
				6C557578D4B70FD785495CC8 /* CategoriesView.swift */,
				1C96DEEF5122EF2D08A40156 /* GoalsView.swift */,
				D5F9895247D0E91EACDAB4F0 /* InvestmentsView.swift */,
				67BDE07271DA65961F2A88CB /* LifeAreasView.swift */,
				4BB383E45F1D2E267830E6E5 /* PairingView.swift */,
				7952ED77D3051D1D14790CAC /* QuickCaptureView.swift */,
				269859CF78204993C6524A99 /* RootTabView.swift */,
				C44C034838E984EFE80BB21E /* SearchView.swift */,
				008EF147F6F711851A57C502 /* SettingsView.swift */,
				688EF710F5CAC80ACBAD0D85 /* SyncStatusBar.swift */,
				D573748D2D41F520FEAB9035 /* TodayView.swift */,
				F85F5ED97A93ECD9BC83743D /* TodosView.swift */,
				ADF728876ACF7EE6CE1390A3 /* TransactionsView.swift */,
				D085F7AB71F06EA7FFDA2B4A /* WishlistView.swift */,
			);
			path = Views;
			sourceTree = "<group>";
		};
/* End PBXGroup section */

/* Begin PBXNativeTarget section */
		0AB9BE412D9D65A370ADA72A /* KiesShare */ = {
			isa = PBXNativeTarget;
			buildConfigurationList = 15CB8B651958E1D07819E82F /* Build configuration list for PBXNativeTarget "KiesShare" */;
			buildPhases = (
				ECD8EA7896AE75855BAC16BC /* Sources */,
				6F3BFF0A3EDBE254CD280AC0 /* Frameworks */,
			);
			buildRules = (
			);
			dependencies = (
			);
			name = KiesShare;
			packageProductDependencies = (
				65BF779BF24FCE8A842FCB93 /* KiesCore */,
			);
			productName = KiesShare;
			productReference = B07429E1CD635C2287F7651F /* KiesShare.appex */;
			productType = "com.apple.product-type.app-extension";
		};
		49AF7C9601DAD573B37FAABB /* KiesiOS */ = {
			isa = PBXNativeTarget;
			buildConfigurationList = 21454B39E637BA1761F6E70C /* Build configuration list for PBXNativeTarget "KiesiOS" */;
			buildPhases = (
				BC931CE24431776B90B35281 /* Sources */,
				23B1CCB9145FDC88EC2B7A6F /* Frameworks */,
				0EE0FBD41956C28CA7E11F5D /* Embed Foundation Extensions */,
			);
			buildRules = (
			);
			dependencies = (
				76846FFF9048577F4BDA07B5 /* PBXTargetDependency */,
				2FFD3DC3780B77311D5E2C2B /* PBXTargetDependency */,
			);
			name = KiesiOS;
			packageProductDependencies = (
				D8690335D4F34894C7985659 /* KiesCore */,
			);
			productName = KiesiOS;
			productReference = 139D81983F28F707A0312AC6 /* KiesiOS.app */;
			productType = "com.apple.product-type.application";
		};
		C71A5B613D2DAACFA35C9FBA /* KiesWidget */ = {
			isa = PBXNativeTarget;
			buildConfigurationList = 40F5EA398DA514FBAA2C8223 /* Build configuration list for PBXNativeTarget "KiesWidget" */;
			buildPhases = (
				1F8017E7F08A86B01D850B1E /* Sources */,
				63161C8FBE1D43E9424FDAD4 /* Frameworks */,
			);
			buildRules = (
			);
			dependencies = (
			);
			name = KiesWidget;
			packageProductDependencies = (
				34A4B10B21EFD0D7AC250E33 /* KiesCore */,
			);
			productName = KiesWidget;
			productReference = 3329E7178B1F2338F8D33732 /* KiesWidget.appex */;
			productType = "com.apple.product-type.app-extension";
		};
/* End PBXNativeTarget section */

/* Begin PBXProject section */
		B44751475E627527A0997FC8 /* Project object */ = {
			isa = PBXProject;
			attributes = {
				BuildIndependentTargetsInParallel = YES;
				LastUpgradeCheck = 1430;
				TargetAttributes = {
					0AB9BE412D9D65A370ADA72A = {
						ProvisioningStyle = Automatic;
					};
					49AF7C9601DAD573B37FAABB = {
						ProvisioningStyle = Automatic;
					};
					C71A5B613D2DAACFA35C9FBA = {
						ProvisioningStyle = Automatic;
					};
				};
			};
			buildConfigurationList = C4BA287628EF7DF0AD135E51 /* Build configuration list for PBXProject "Kies" */;
			developmentRegion = de;
			hasScannedForEncodings = 0;
			knownRegions = (
				Base,
				de,
			);
			mainGroup = 28B9B3791227EEDC0949C94B;
			minimizedProjectReferenceProxies = 1;
			packageReferences = (
				0E7591432034E6DE694D3723 /* XCLocalSwiftPackageReference "." */,
			);
			preferredProjectObjectVersion = 77;
			productRefGroup = CE7D7DB2296308041ABA31BF /* Products */;
			projectDirPath = "";
			projectRoot = "";
			targets = (
				49AF7C9601DAD573B37FAABB /* KiesiOS */,
				C71A5B613D2DAACFA35C9FBA /* KiesWidget */,
				0AB9BE412D9D65A370ADA72A /* KiesShare */,
			);
		};
/* End PBXProject section */

/* Begin PBXSourcesBuildPhase section */
		1F8017E7F08A86B01D850B1E /* Sources */ = {
			isa = PBXSourcesBuildPhase;
			buildActionMask = 2147483647;
			files = (
				58DE16346DAA502208A0B365 /* KiesTodayWidget.swift in Sources */,
				B1273FC86E1A640FB018622C /* KiesWidgetBundle.swift in Sources */,
			);
			runOnlyForDeploymentPostprocessing = 0;
		};
		BC931CE24431776B90B35281 /* Sources */ = {
			isa = PBXSourcesBuildPhase;
			buildActionMask = 2147483647;
			files = (
				BA11003F352EDA97A72E56AB /* AccountsView.swift in Sources */,
				3F2D9B7765919186B16F017F /* AppLockStore.swift in Sources */,
				77A8121258C229BD13A889F2 /* AppLockView.swift in Sources */,
				761FB9FD89FC2A446959E6B7 /* Box.swift in Sources */,
				28B336A146960054E6B7890D /* CategoriesView.swift in Sources */,
				990146C5809F4FA34F5EA3BC /* GoalsView.swift in Sources */,
				077886866D9A8E05D4BB7600 /* InvestmentsView.swift in Sources */,
				A400936DEEE7E1471D4D07E4 /* KiesiOSApp.swift in Sources */,
				17E2FB83B1FA148965C2D5D8 /* LifeAreasView.swift in Sources */,
				326F90F46B74CA76DD560D57 /* PairingView.swift in Sources */,
				3933665AC3590B87E3C2996C /* QuickCaptureView.swift in Sources */,
				E0F43EA44B23B0CB186047C5 /* RootTabView.swift in Sources */,
				FAFF51A8EF6AACA402ADC33A /* SearchView.swift in Sources */,
				D43A5A9488E7F7D21E19D705 /* SettingsView.swift in Sources */,
				73EEE66A7C60EAC7ABB62CDD /* SyncStatusBar.swift in Sources */,
				ABCA0E018FDA3A5D956058D4 /* TabRouter.swift in Sources */,
				D5DA9586FA47BDBE13636A9E /* TodayView.swift in Sources */,
				2793BCA37DC0162FE03AE6D8 /* TodosView.swift in Sources */,
				CBD004D4CA23464799D0FEDF /* TransactionsView.swift in Sources */,
				B306D0975AB3E6DF5DB551CC /* WishlistView.swift in Sources */,
			);
			runOnlyForDeploymentPostprocessing = 0;
		};
		ECD8EA7896AE75855BAC16BC /* Sources */ = {
			isa = PBXSourcesBuildPhase;
			buildActionMask = 2147483647;
			files = (
				08518DE87B20ACB6118F5523 /* ShareComposeView.swift in Sources */,
				A7639249067C0E142E4E2199 /* ShareViewController.swift in Sources */,
			);
			runOnlyForDeploymentPostprocessing = 0;
		};
/* End PBXSourcesBuildPhase section */

/* Begin PBXTargetDependency section */
		2FFD3DC3780B77311D5E2C2B /* PBXTargetDependency */ = {
			isa = PBXTargetDependency;
			target = 0AB9BE412D9D65A370ADA72A /* KiesShare */;
			targetProxy = EA320E3FAB394EC6ECAACF55 /* PBXContainerItemProxy */;
		};
		76846FFF9048577F4BDA07B5 /* PBXTargetDependency */ = {
			isa = PBXTargetDependency;
			target = C71A5B613D2DAACFA35C9FBA /* KiesWidget */;
			targetProxy = 68F2CC74765FB6CFC75F16D2 /* PBXContainerItemProxy */;
		};
/* End PBXTargetDependency section */

/* Begin XCBuildConfiguration section */
		064A84A30AA18E9795477AC0 /* Release */ = {
			isa = XCBuildConfiguration;
			buildSettings = {
				CODE_SIGN_ENTITLEMENTS = Sources/KiesWidget/KiesWidget.entitlements;
				CODE_SIGN_STYLE = Automatic;
				CURRENT_PROJECT_VERSION = 1;
				GENERATE_INFOPLIST_FILE = NO;
				INFOPLIST_FILE = Sources/KiesWidget/Info.plist;
				IPHONEOS_DEPLOYMENT_TARGET = 17.0;
				LD_RUNPATH_SEARCH_PATHS = (
					"$(inherited)",
					"@executable_path/Frameworks",
					"@executable_path/../../Frameworks",
				);
				MARKETING_VERSION = 1.0;
				PRODUCT_BUNDLE_IDENTIFIER = app.kies.KiesiOS.KiesWidget;
				PRODUCT_NAME = KiesWidget;
				SDKROOT = iphoneos;
				SKIP_INSTALL = YES;
				SWIFT_VERSION = 5.9;
				TARGETED_DEVICE_FAMILY = 1;
			};
			name = Release;
		};
		7FADC104571A77FACE2E010B /* Debug */ = {
			isa = XCBuildConfiguration;
			buildSettings = {
				ASSETCATALOG_COMPILER_APPICON_NAME = AppIcon;
				CODE_SIGN_ENTITLEMENTS = Sources/KiesiOS/KiesiOS.entitlements;
				CODE_SIGN_IDENTITY = "iPhone Developer";
				CODE_SIGN_STYLE = Automatic;
				CURRENT_PROJECT_VERSION = 1;
				GENERATE_INFOPLIST_FILE = NO;
				INFOPLIST_FILE = Sources/KiesiOS/Info.plist;
				IPHONEOS_DEPLOYMENT_TARGET = 17.0;
				LD_RUNPATH_SEARCH_PATHS = (
					"$(inherited)",
					"@executable_path/Frameworks",
				);
				MARKETING_VERSION = 1.0;
				PRODUCT_BUNDLE_IDENTIFIER = app.kies.KiesiOS;
				PRODUCT_NAME = Kies;
				SDKROOT = iphoneos;
				SUPPORTS_MACCATALYST = NO;
				SWIFT_VERSION = 5.9;
				TARGETED_DEVICE_FAMILY = 1;
			};
			name = Debug;
		};
		85B6894DB23F2DEDC3D6517A /* Release */ = {
			isa = XCBuildConfiguration;
			buildSettings = {
				ASSETCATALOG_COMPILER_APPICON_NAME = AppIcon;
				CODE_SIGN_ENTITLEMENTS = Sources/KiesiOS/KiesiOS.entitlements;
				CODE_SIGN_IDENTITY = "iPhone Developer";
				CODE_SIGN_STYLE = Automatic;
				CURRENT_PROJECT_VERSION = 1;
				GENERATE_INFOPLIST_FILE = NO;
				INFOPLIST_FILE = Sources/KiesiOS/Info.plist;
				IPHONEOS_DEPLOYMENT_TARGET = 17.0;
				LD_RUNPATH_SEARCH_PATHS = (
					"$(inherited)",
					"@executable_path/Frameworks",
				);
				MARKETING_VERSION = 1.0;
				PRODUCT_BUNDLE_IDENTIFIER = app.kies.KiesiOS;
				PRODUCT_NAME = Kies;
				SDKROOT = iphoneos;
				SUPPORTS_MACCATALYST = NO;
				SWIFT_VERSION = 5.9;
				TARGETED_DEVICE_FAMILY = 1;
			};
			name = Release;
		};
		8911F869141612AFC761ED43 /* Debug */ = {
			isa = XCBuildConfiguration;
			buildSettings = {
				CODE_SIGN_ENTITLEMENTS = Sources/KiesShare/KiesShare.entitlements;
				CODE_SIGN_STYLE = Automatic;
				CURRENT_PROJECT_VERSION = 1;
				GENERATE_INFOPLIST_FILE = NO;
				INFOPLIST_FILE = Sources/KiesShare/Info.plist;
				IPHONEOS_DEPLOYMENT_TARGET = 17.0;
				LD_RUNPATH_SEARCH_PATHS = (
					"$(inherited)",
					"@executable_path/Frameworks",
					"@executable_path/../../Frameworks",
				);
				MARKETING_VERSION = 1.0;
				PRODUCT_BUNDLE_IDENTIFIER = app.kies.KiesiOS.KiesShare;
				PRODUCT_NAME = KiesShare;
				SDKROOT = iphoneos;
				SKIP_INSTALL = YES;
				SWIFT_VERSION = 5.9;
				TARGETED_DEVICE_FAMILY = 1;
			};
			name = Debug;
		};
		A3589213BD9844E925561311 /* Debug */ = {
			isa = XCBuildConfiguration;
			buildSettings = {
				CODE_SIGN_ENTITLEMENTS = Sources/KiesWidget/KiesWidget.entitlements;
				CODE_SIGN_STYLE = Automatic;
				CURRENT_PROJECT_VERSION = 1;
				GENERATE_INFOPLIST_FILE = NO;
				INFOPLIST_FILE = Sources/KiesWidget/Info.plist;
				IPHONEOS_DEPLOYMENT_TARGET = 17.0;
				LD_RUNPATH_SEARCH_PATHS = (
					"$(inherited)",
					"@executable_path/Frameworks",
					"@executable_path/../../Frameworks",
				);
				MARKETING_VERSION = 1.0;
				PRODUCT_BUNDLE_IDENTIFIER = app.kies.KiesiOS.KiesWidget;
				PRODUCT_NAME = KiesWidget;
				SDKROOT = iphoneos;
				SKIP_INSTALL = YES;
				SWIFT_VERSION = 5.9;
				TARGETED_DEVICE_FAMILY = 1;
			};
			name = Debug;
		};
		C760C593D2954A145330D4B3 /* Release */ = {
			isa = XCBuildConfiguration;
			buildSettings = {
				CODE_SIGN_ENTITLEMENTS = Sources/KiesShare/KiesShare.entitlements;
				CODE_SIGN_STYLE = Automatic;
				CURRENT_PROJECT_VERSION = 1;
				GENERATE_INFOPLIST_FILE = NO;
				INFOPLIST_FILE = Sources/KiesShare/Info.plist;
				IPHONEOS_DEPLOYMENT_TARGET = 17.0;
				LD_RUNPATH_SEARCH_PATHS = (
					"$(inherited)",
					"@executable_path/Frameworks",
					"@executable_path/../../Frameworks",
				);
				MARKETING_VERSION = 1.0;
				PRODUCT_BUNDLE_IDENTIFIER = app.kies.KiesiOS.KiesShare;
				PRODUCT_NAME = KiesShare;
				SDKROOT = iphoneos;
				SKIP_INSTALL = YES;
				SWIFT_VERSION = 5.9;
				TARGETED_DEVICE_FAMILY = 1;
			};
			name = Release;
		};
		E3281D37B7A0BA9E5F82235A /* Release */ = {
			isa = XCBuildConfiguration;
			buildSettings = {
				ALWAYS_SEARCH_USER_PATHS = NO;
				CLANG_ANALYZER_NONNULL = YES;
				CLANG_ANALYZER_NUMBER_OBJECT_CONVERSION = YES_AGGRESSIVE;
				CLANG_CXX_LANGUAGE_STANDARD = "gnu++14";
				CLANG_CXX_LIBRARY = "libc++";
				CLANG_ENABLE_MODULES = YES;
				CLANG_ENABLE_OBJC_ARC = YES;
				CLANG_ENABLE_OBJC_WEAK = YES;
				CLANG_WARN_BLOCK_CAPTURE_AUTORELEASING = YES;
				CLANG_WARN_BOOL_CONVERSION = YES;
				CLANG_WARN_COMMA = YES;
				CLANG_WARN_CONSTANT_CONVERSION = YES;
				CLANG_WARN_DEPRECATED_OBJC_IMPLEMENTATIONS = YES;
				CLANG_WARN_DIRECT_OBJC_ISA_USAGE = YES_ERROR;
				CLANG_WARN_DOCUMENTATION_COMMENTS = YES;
				CLANG_WARN_EMPTY_BODY = YES;
				CLANG_WARN_ENUM_CONVERSION = YES;
				CLANG_WARN_INFINITE_RECURSION = YES;
				CLANG_WARN_INT_CONVERSION = YES;
				CLANG_WARN_NON_LITERAL_NULL_CONVERSION = YES;
				CLANG_WARN_OBJC_IMPLICIT_RETAIN_SELF = YES;
				CLANG_WARN_OBJC_LITERAL_CONVERSION = YES;
				CLANG_WARN_OBJC_ROOT_CLASS = YES_ERROR;
				CLANG_WARN_QUOTED_INCLUDE_IN_FRAMEWORK_HEADER = YES;
				CLANG_WARN_RANGE_LOOP_ANALYSIS = YES;
				CLANG_WARN_STRICT_PROTOTYPES = YES;
				CLANG_WARN_SUSPICIOUS_MOVE = YES;
				CLANG_WARN_UNGUARDED_AVAILABILITY = YES_AGGRESSIVE;
				CLANG_WARN_UNREACHABLE_CODE = YES;
				CLANG_WARN__DUPLICATE_METHOD_MATCH = YES;
				COPY_PHASE_STRIP = NO;
				DEBUG_INFORMATION_FORMAT = "dwarf-with-dsym";
				ENABLE_NS_ASSERTIONS = NO;
				ENABLE_STRICT_OBJC_MSGSEND = YES;
				GCC_C_LANGUAGE_STANDARD = gnu11;
				GCC_NO_COMMON_BLOCKS = YES;
				GCC_WARN_64_TO_32_BIT_CONVERSION = YES;
				GCC_WARN_ABOUT_RETURN_TYPE = YES_ERROR;
				GCC_WARN_UNDECLARED_SELECTOR = YES;
				GCC_WARN_UNINITIALIZED_AUTOS = YES_AGGRESSIVE;
				GCC_WARN_UNUSED_FUNCTION = YES;
				GCC_WARN_UNUSED_VARIABLE = YES;
				IPHONEOS_DEPLOYMENT_TARGET = 17.0;
				MTL_ENABLE_DEBUG_INFO = NO;
				MTL_FAST_MATH = YES;
				PRODUCT_NAME = "$(TARGET_NAME)";
				SDKROOT = iphoneos;
				SWIFT_COMPILATION_MODE = wholemodule;
				SWIFT_OPTIMIZATION_LEVEL = "-O";
				SWIFT_VERSION = 5.0;
			};
			name = Release;
		};
		E823DACA71D613193B7A6A81 /* Debug */ = {
			isa = XCBuildConfiguration;
			buildSettings = {
				ALWAYS_SEARCH_USER_PATHS = NO;
				CLANG_ANALYZER_NONNULL = YES;
				CLANG_ANALYZER_NUMBER_OBJECT_CONVERSION = YES_AGGRESSIVE;
				CLANG_CXX_LANGUAGE_STANDARD = "gnu++14";
				CLANG_CXX_LIBRARY = "libc++";
				CLANG_ENABLE_MODULES = YES;
				CLANG_ENABLE_OBJC_ARC = YES;
				CLANG_ENABLE_OBJC_WEAK = YES;
				CLANG_WARN_BLOCK_CAPTURE_AUTORELEASING = YES;
				CLANG_WARN_BOOL_CONVERSION = YES;
				CLANG_WARN_COMMA = YES;
				CLANG_WARN_CONSTANT_CONVERSION = YES;
				CLANG_WARN_DEPRECATED_OBJC_IMPLEMENTATIONS = YES;
				CLANG_WARN_DIRECT_OBJC_ISA_USAGE = YES_ERROR;
				CLANG_WARN_DOCUMENTATION_COMMENTS = YES;
				CLANG_WARN_EMPTY_BODY = YES;
				CLANG_WARN_ENUM_CONVERSION = YES;
				CLANG_WARN_INFINITE_RECURSION = YES;
				CLANG_WARN_INT_CONVERSION = YES;
				CLANG_WARN_NON_LITERAL_NULL_CONVERSION = YES;
				CLANG_WARN_OBJC_IMPLICIT_RETAIN_SELF = YES;
				CLANG_WARN_OBJC_LITERAL_CONVERSION = YES;
				CLANG_WARN_OBJC_ROOT_CLASS = YES_ERROR;
				CLANG_WARN_QUOTED_INCLUDE_IN_FRAMEWORK_HEADER = YES;
				CLANG_WARN_RANGE_LOOP_ANALYSIS = YES;
				CLANG_WARN_STRICT_PROTOTYPES = YES;
				CLANG_WARN_SUSPICIOUS_MOVE = YES;
				CLANG_WARN_UNGUARDED_AVAILABILITY = YES_AGGRESSIVE;
				CLANG_WARN_UNREACHABLE_CODE = YES;
				CLANG_WARN__DUPLICATE_METHOD_MATCH = YES;
				COPY_PHASE_STRIP = NO;
				DEBUG_INFORMATION_FORMAT = dwarf;
				ENABLE_STRICT_OBJC_MSGSEND = YES;
				ENABLE_TESTABILITY = YES;
				GCC_C_LANGUAGE_STANDARD = gnu11;
				GCC_DYNAMIC_NO_PIC = NO;
				GCC_NO_COMMON_BLOCKS = YES;
				GCC_OPTIMIZATION_LEVEL = 0;
				GCC_PREPROCESSOR_DEFINITIONS = (
					"$(inherited)",
					"DEBUG=1",
				);
				GCC_WARN_64_TO_32_BIT_CONVERSION = YES;
				GCC_WARN_ABOUT_RETURN_TYPE = YES_ERROR;
				GCC_WARN_UNDECLARED_SELECTOR = YES;
				GCC_WARN_UNINITIALIZED_AUTOS = YES_AGGRESSIVE;
				GCC_WARN_UNUSED_FUNCTION = YES;
				GCC_WARN_UNUSED_VARIABLE = YES;
				IPHONEOS_DEPLOYMENT_TARGET = 17.0;
				MTL_ENABLE_DEBUG_INFO = INCLUDE_SOURCE;
				MTL_FAST_MATH = YES;
				ONLY_ACTIVE_ARCH = YES;
				PRODUCT_NAME = "$(TARGET_NAME)";
				SDKROOT = iphoneos;
				SWIFT_ACTIVE_COMPILATION_CONDITIONS = DEBUG;
				SWIFT_OPTIMIZATION_LEVEL = "-Onone";
				SWIFT_VERSION = 5.0;
			};
			name = Debug;
		};
/* End XCBuildConfiguration section */

/* Begin XCConfigurationList section */
		15CB8B651958E1D07819E82F /* Build configuration list for PBXNativeTarget "KiesShare" */ = {
			isa = XCConfigurationList;
			buildConfigurations = (
				8911F869141612AFC761ED43 /* Debug */,
				C760C593D2954A145330D4B3 /* Release */,
			);
			defaultConfigurationIsVisible = 0;
			defaultConfigurationName = Debug;
		};
		21454B39E637BA1761F6E70C /* Build configuration list for PBXNativeTarget "KiesiOS" */ = {
			isa = XCConfigurationList;
			buildConfigurations = (
				7FADC104571A77FACE2E010B /* Debug */,
				85B6894DB23F2DEDC3D6517A /* Release */,
			);
			defaultConfigurationIsVisible = 0;
			defaultConfigurationName = Debug;
		};
		40F5EA398DA514FBAA2C8223 /* Build configuration list for PBXNativeTarget "KiesWidget" */ = {
			isa = XCConfigurationList;
			buildConfigurations = (
				A3589213BD9844E925561311 /* Debug */,
				064A84A30AA18E9795477AC0 /* Release */,
			);
			defaultConfigurationIsVisible = 0;
			defaultConfigurationName = Debug;
		};
		C4BA287628EF7DF0AD135E51 /* Build configuration list for PBXProject "Kies" */ = {
			isa = XCConfigurationList;
			buildConfigurations = (
				E823DACA71D613193B7A6A81 /* Debug */,
				E3281D37B7A0BA9E5F82235A /* Release */,
			);
			defaultConfigurationIsVisible = 0;
			defaultConfigurationName = Debug;
		};
/* End XCConfigurationList section */

/* Begin XCLocalSwiftPackageReference section */
		0E7591432034E6DE694D3723 /* XCLocalSwiftPackageReference "." */ = {
			isa = XCLocalSwiftPackageReference;
			relativePath = .;
		};
/* End XCLocalSwiftPackageReference section */

/* Begin XCSwiftPackageProductDependency section */
		34A4B10B21EFD0D7AC250E33 /* KiesCore */ = {
			isa = XCSwiftPackageProductDependency;
			productName = KiesCore;
		};
		65BF779BF24FCE8A842FCB93 /* KiesCore */ = {
			isa = XCSwiftPackageProductDependency;
			productName = KiesCore;
		};
		D8690335D4F34894C7985659 /* KiesCore */ = {
			isa = XCSwiftPackageProductDependency;
			productName = KiesCore;
		};
/* End XCSwiftPackageProductDependency section */
	};
	rootObject = B44751475E627527A0997FC8 /* Project object */;
}
